
Microsoft Visual Studio Solution File, Format Version 12.00
# Visual Studio Version 16
VisualStudioVersion = 16.0.30907.101
MinimumVisualStudioVersion = 10.0.40219.1
Project("{FAE04EC0-301F-11D3-BF4B-00C04F79EFBC}") = "VariablesInputConnectionFormating.example", "VariablesInputConnectionFormating.example\VariablesInputConnectionFormating.example.csproj", "{B1EDBA1D-77C9-4FC4-BAEE-AFA86FCAFAF5}"
EndProject
Global
	GlobalSection(SolutionConfigurationPlatforms) = preSolution
		Debug|Any CPU = Debug|Any CPU
		Release|Any CPU = Release|Any CPU
	EndGlobalSection
	GlobalSection(ProjectConfigurationPlatforms) = postSolution
		{B1EDBA1D-77C9-4FC4-BAEE-AFA86FCAFAF5}.Debug|Any CPU.ActiveCfg = Debug|Any CPU
		{B1EDBA1D-77C9-4FC4-BAEE-AFA86FCAFAF5}.Debug|Any CPU.Build.0 = Debug|Any CPU
		{B1EDBA1D-77C9-4FC4-BAEE-AFA86FCAFAF5}.Release|Any CPU.ActiveCfg = Release|Any CPU
		{B1EDBA1D-77C9-4FC4-BAEE-AFA86FCAFAF5}.Release|Any CPU.Build.0 = Release|Any CPU
	EndGlobalSection
	GlobalSection(SolutionProperties) = preSolution
		HideSolutionNode = FALSE
	EndGlobalSection
	GlobalSection(ExtensibilityGlobals) = postSolution
		SolutionGuid = {C3E6D764-65CE-47DC-AE07-30E7E115C84E}
	EndGlobalSection
EndGlobal
